
Microsoft Visual Studio Solution File, Format Version 12.00
# Visual Studio Version 17
VisualStudioVersion = 17.2.32602.215
MinimumVisualStudioVersion = 10.0.40219.1
Project("{9A19103F-16F7-4668-BE54-9A1E7A4F7556}") = "MVP_Match", "MVP_Match\MVP_Match.csproj", "{6B3DDB1A-707D-4658-81A4-300238570DD9}"
EndProject
Project("{2150E333-8FDC-42A3-9474-1A3956D46DE8}") = "Solution Items", "Solution Items", "{4CECE5FC-C73E-4502-B081-21BD3B9B0106}"
EndProject
Global
	GlobalSection(SolutionConfigurationPlatforms) = preSolution
		Debug|Any CPU = Debug|Any CPU
		Release|Any CPU = Release|Any CPU
	EndGlobalSection
	GlobalSection(ProjectConfigurationPlatforms) = postSolution
		{6B3DDB1A-707D-4658-81A4-300238570DD9}.Debug|Any CPU.ActiveCfg = Debug|Any CPU
		{6B3DDB1A-707D-4658-81A4-300238570DD9}.Debug|Any CPU.Build.0 = Debug|Any CPU
		{6B3DDB1A-707D-4658-81A4-300238570DD9}.Release|Any CPU.ActiveCfg = Release|Any CPU
		{6B3DDB1A-707D-4658-81A4-300238570DD9}.Release|Any CPU.Build.0 = Release|Any CPU
	EndGlobalSection
	GlobalSection(SolutionProperties) = preSolution
		HideSolutionNode = FALSE
	EndGlobalSection
	GlobalSection(ExtensibilityGlobals) = postSolution
		SolutionGuid = {147C73FC-D02E-4AD7-BD9A-AA27C1426093}
	EndGlobalSection
EndGlobal
